
Microsoft Visual Studio Solution File, Format Version 12.00
# Visual Studio 15
VisualStudioVersion = 15.0.28307.421
MinimumVisualStudioVersion = 10.0.40219.1
Project("{9A19103F-16F7-4668-BE54-9A1E7A4F7556}") = "LRSR_Tests", "LRSR_Tests\LRSR_Tests.csproj", "{E796D2F9-1218-4210-BFA8-E17EA6BC1724}"
EndProject
Project("{9A19103F-16F7-4668-BE54-9A1E7A4F7556}") = "LRSR", "LRSR\LRSR.csproj", "{7072B53E-23DF-4D1C-BBC9-6D968B69A81A}"
EndProject
Project("{2150E333-8FDC-42A3-9474-1A3956D46DE8}") = "src", "src", "{9F784B5A-D943-478B-A124-D049E2ED9FD7}"
EndProject
Project("{2150E333-8FDC-42A3-9474-1A3956D46DE8}") = "tests", "tests", "{A6B3BB7E-2D45-4A51-BDE6-956AC966571D}"
EndProject
Project("{FAE04EC0-301F-11D3-BF4B-00C04F79EFBC}") = "AES", "AES\AES.csproj", "{8BEBBED5-B431-469E-A7D7-F83111EA6B9E}"
EndProject
Project("{FAE04EC0-301F-11D3-BF4B-00C04F79EFBC}") = "AES_Tests", "AES_Tests\AES_Tests.csproj", "{F835AB20-27EC-4220-9296-D70A559E4C2B}"
EndProject
Project("{FAE04EC0-301F-11D3-BF4B-00C04F79EFBC}") = "GaluaField", "GaluaField\GaluaField.csproj", "{01B47858-EEFC-4F5E-82CC-8F62C61DECFF}"
EndProject
Project("{FAE04EC0-301F-11D3-BF4B-00C04F79EFBC}") = "GaluaFieldTests", "GaluaFieldTests\GaluaFieldTests.csproj", "{9DB1403F-14D1-4FC6-B2AC-11B96E8DE27B}"
EndProject
Project("{FAE04EC0-301F-11D3-BF4B-00C04F79EFBC}") = "BBS", "BBS\BBS.csproj", "{18187334-2D1A-471F-BD54-F513FE4E0F5D}"
EndProject
Project("{FAE04EC0-301F-11D3-BF4B-00C04F79EFBC}") = "BmpHashValidation", "BmpHashValidation\BmpHashValidation.csproj", "{A1D167EE-A643-48CE-86A1-65F0A031F4EA}"
EndProject
Project("{FAE04EC0-301F-11D3-BF4B-00C04F79EFBC}") = "BmpHashValidationTests", "BmpHashValidationTests\BmpHashValidationTests.csproj", "{034BBCC3-6D3A-4901-9053-2639F4EFC620}"
EndProject
Project("{FAE04EC0-301F-11D3-BF4B-00C04F79EFBC}") = "DiffieHellman", "DiffieHellman\DiffieHellman.csproj", "{8F1FFADD-CE94-4537-9CA5-EE92348C0E4D}"
EndProject
Project("{FAE04EC0-301F-11D3-BF4B-00C04F79EFBC}") = "PrimeNumberGenerator", "PrimeNumberGenerator\PrimeNumberGenerator.csproj", "{34A5DA38-113B-4E80-9423-EF28F0B3AFE6}"
EndProject
Global
	GlobalSection(SolutionConfigurationPlatforms) = preSolution
		Debug|Any CPU = Debug|Any CPU
		Release|Any CPU = Release|Any CPU
	EndGlobalSection
	GlobalSection(ProjectConfigurationPlatforms) = postSolution
		{E796D2F9-1218-4210-BFA8-E17EA6BC1724}.Debug|Any CPU.ActiveCfg = Debug|Any CPU
		{E796D2F9-1218-4210-BFA8-E17EA6BC1724}.Debug|Any CPU.Build.0 = Debug|Any CPU
		{E796D2F9-1218-4210-BFA8-E17EA6BC1724}.Release|Any CPU.ActiveCfg = Release|Any CPU
		{E796D2F9-1218-4210-BFA8-E17EA6BC1724}.Release|Any CPU.Build.0 = Release|Any CPU
		{7072B53E-23DF-4D1C-BBC9-6D968B69A81A}.Debug|Any CPU.ActiveCfg = Debug|Any CPU
		{7072B53E-23DF-4D1C-BBC9-6D968B69A81A}.Debug|Any CPU.Build.0 = Debug|Any CPU
		{7072B53E-23DF-4D1C-BBC9-6D968B69A81A}.Release|Any CPU.ActiveCfg = Release|Any CPU
		{7072B53E-23DF-4D1C-BBC9-6D968B69A81A}.Release|Any CPU.Build.0 = Release|Any CPU
		{8BEBBED5-B431-469E-A7D7-F83111EA6B9E}.Debug|Any CPU.ActiveCfg = Debug|Any CPU
		{8BEBBED5-B431-469E-A7D7-F83111EA6B9E}.Debug|Any CPU.Build.0 = Debug|Any CPU
		{8BEBBED5-B431-469E-A7D7-F83111EA6B9E}.Release|Any CPU.ActiveCfg = Release|Any CPU
		{8BEBBED5-B431-469E-A7D7-F83111EA6B9E}.Release|Any CPU.Build.0 = Release|Any CPU
		{F835AB20-27EC-4220-9296-D70A559E4C2B}.Debug|Any CPU.ActiveCfg = Debug|Any CPU
		{F835AB20-27EC-4220-9296-D70A559E4C2B}.Debug|Any CPU.Build.0 = Debug|Any CPU
		{F835AB20-27EC-4220-9296-D70A559E4C2B}.Release|Any CPU.ActiveCfg = Release|Any CPU
		{F835AB20-27EC-4220-9296-D70A559E4C2B}.Release|Any CPU.Build.0 = Release|Any CPU
		{01B47858-EEFC-4F5E-82CC-8F62C61DECFF}.Debug|Any CPU.ActiveCfg = Debug|Any CPU
		{01B47858-EEFC-4F5E-82CC-8F62C61DECFF}.Debug|Any CPU.Build.0 = Debug|Any CPU
		{01B47858-EEFC-4F5E-82CC-8F62C61DECFF}.Release|Any CPU.ActiveCfg = Release|Any CPU
		{01B47858-EEFC-4F5E-82CC-8F62C61DECFF}.Release|Any CPU.Build.0 = Release|Any CPU
		{9DB1403F-14D1-4FC6-B2AC-11B96E8DE27B}.Debug|Any CPU.ActiveCfg = Debug|Any CPU
		{9DB1403F-14D1-4FC6-B2AC-11B96E8DE27B}.Debug|Any CPU.Build.0 = Debug|Any CPU
		{9DB1403F-14D1-4FC6-B2AC-11B96E8DE27B}.Release|Any CPU.ActiveCfg = Release|Any CPU
		{9DB1403F-14D1-4FC6-B2AC-11B96E8DE27B}.Release|Any CPU.Build.0 = Release|Any CPU
		{18187334-2D1A-471F-BD54-F513FE4E0F5D}.Debug|Any CPU.ActiveCfg = Debug|Any CPU
		{18187334-2D1A-471F-BD54-F513FE4E0F5D}.Debug|Any CPU.Build.0 = Debug|Any CPU
		{18187334-2D1A-471F-BD54-F513FE4E0F5D}.Release|Any CPU.ActiveCfg = Release|Any CPU
		{18187334-2D1A-471F-BD54-F513FE4E0F5D}.Release|Any CPU.Build.0 = Release|Any CPU
		{A1D167EE-A643-48CE-86A1-65F0A031F4EA}.Debug|Any CPU.ActiveCfg = Debug|Any CPU
		{A1D167EE-A643-48CE-86A1-65F0A031F4EA}.Debug|Any CPU.Build.0 = Debug|Any CPU
		{A1D167EE-A643-48CE-86A1-65F0A031F4EA}.Release|Any CPU.ActiveCfg = Release|Any CPU
		{A1D167EE-A643-48CE-86A1-65F0A031F4EA}.Release|Any CPU.Build.0 = Release|Any CPU
		{034BBCC3-6D3A-4901-9053-2639F4EFC620}.Debug|Any CPU.ActiveCfg = Debug|Any CPU
		{034BBCC3-6D3A-4901-9053-2639F4EFC620}.Debug|Any CPU.Build.0 = Debug|Any CPU
		{034BBCC3-6D3A-4901-9053-2639F4EFC620}.Release|Any CPU.ActiveCfg = Release|Any CPU
		{034BBCC3-6D3A-4901-9053-2639F4EFC620}.Release|Any CPU.Build.0 = Release|Any CPU
		{8F1FFADD-CE94-4537-9CA5-EE92348C0E4D}.Debug|Any CPU.ActiveCfg = Debug|Any CPU
		{8F1FFADD-CE94-4537-9CA5-EE92348C0E4D}.Debug|Any CPU.Build.0 = Debug|Any CPU
		{8F1FFADD-CE94-4537-9CA5-EE92348C0E4D}.Release|Any CPU.ActiveCfg = Release|Any CPU
		{8F1FFADD-CE94-4537-9CA5-EE92348C0E4D}.Release|Any CPU.Build.0 = Release|Any CPU
		{34A5DA38-113B-4E80-9423-EF28F0B3AFE6}.Debug|Any CPU.ActiveCfg = Debug|Any CPU
		{34A5DA38-113B-4E80-9423-EF28F0B3AFE6}.Debug|Any CPU.Build.0 = Debug|Any CPU
		{34A5DA38-113B-4E80-9423-EF28F0B3AFE6}.Release|Any CPU.ActiveCfg = Release|Any CPU
		{34A5DA38-113B-4E80-9423-EF28F0B3AFE6}.Release|Any CPU.Build.0 = Release|Any CPU
	EndGlobalSection
	GlobalSection(SolutionProperties) = preSolution
		HideSolutionNode = FALSE
	EndGlobalSection
	GlobalSection(NestedProjects) = preSolution
		{34A5DA38-113B-4E80-9423-EF28F0B3AFE6} = {9F784B5A-D943-478B-A124-D049E2ED9FD7}
		{8F1FFADD-CE94-4537-9CA5-EE92348C0E4D} = {9F784B5A-D943-478B-A124-D049E2ED9FD7}
		{034BBCC3-6D3A-4901-9053-2639F4EFC620} = {A6B3BB7E-2D45-4A51-BDE6-956AC966571D}
		{A1D167EE-A643-48CE-86A1-65F0A031F4EA} = {9F784B5A-D943-478B-A124-D049E2ED9FD7}
		{18187334-2D1A-471F-BD54-F513FE4E0F5D} = {9F784B5A-D943-478B-A124-D049E2ED9FD7}
		{E796D2F9-1218-4210-BFA8-E17EA6BC1724} = {A6B3BB7E-2D45-4A51-BDE6-956AC966571D}
		{7072B53E-23DF-4D1C-BBC9-6D968B69A81A} = {9F784B5A-D943-478B-A124-D049E2ED9FD7}
		{8BEBBED5-B431-469E-A7D7-F83111EA6B9E} = {9F784B5A-D943-478B-A124-D049E2ED9FD7}
		{F835AB20-27EC-4220-9296-D70A559E4C2B} = {A6B3BB7E-2D45-4A51-BDE6-956AC966571D}
		{01B47858-EEFC-4F5E-82CC-8F62C61DECFF} = {9F784B5A-D943-478B-A124-D049E2ED9FD7}
		{9DB1403F-14D1-4FC6-B2AC-11B96E8DE27B} = {A6B3BB7E-2D45-4A51-BDE6-956AC966571D}
	EndGlobalSection
	GlobalSection(ExtensibilityGlobals) = postSolution
		SolutionGuid = {E3C792D6-DA7C-4A02-8178-5171CF65435F}
	EndGlobalSection
EndGlobal
